// !$*UTF8*$!
{
	archiveVersion = 1;
	classes = {
	};
	objectVersion = 56;
	objects = {

/* Begin PBXBuildFile section */
		56809BC92C4226C000DF070D /* IllumiNoteApp.swift in Sources */ = {isa = PBXBuildFile; fileRef = 56809BC82C4226C000DF070D /* IllumiNoteApp.swift */; };
		56809BCB2C4226C000DF070D /* ContentView.swift in Sources */ = {isa = PBXBuildFile; fileRef = 56809BCA2C4226C000DF070D /* ContentView.swift */; };
		56809BCD2C4226C200DF070D /* Assets.xcassets in Resources */ = {isa = PBXBuildFile; fileRef = 56809BCC2C4226C200DF070D /* Assets.xcassets */; };
		56809BD02C4226C200DF070D /* Preview Assets.xcassets in Resources */ = {isa = PBXBuildFile; fileRef = 56809BCF2C4226C200DF070D /* Preview Assets.xcassets */; };
		56809BD22C4226C200DF070D /* Persistence.swift in Sources */ = {isa = PBXBuildFile; fileRef = 56809BD12C4226C200DF070D /* Persistence.swift */; };
		56809BD52C4226C200DF070D /* IllumiNote.xcdatamodeld in Sources */ = {isa = PBXBuildFile; fileRef = 56809BD32C4226C200DF070D /* IllumiNote.xcdatamodeld */; };
		56809BDF2C4226C300DF070D /* IllumiNoteTests.swift in Sources */ = {isa = PBXBuildFile; fileRef = 56809BDE2C4226C300DF070D /* IllumiNoteTests.swift */; };
		56809BE92C4226C300DF070D /* IllumiNoteUITests.swift in Sources */ = {isa = PBXBuildFile; fileRef = 56809BE82C4226C300DF070D /* IllumiNoteUITests.swift */; };
		56809BEB2C4226C300DF070D /* IllumiNoteUITestsLaunchTests.swift in Sources */ = {isa = PBXBuildFile; fileRef = 56809BEA2C4226C300DF070D /* IllumiNoteUITestsLaunchTests.swift */; };
		56809BF92C42270D00DF070D /* BluetoothService.swift in Sources */ = {isa = PBXBuildFile; fileRef = 56809BF82C42270D00DF070D /* BluetoothService.swift */; };
		56809BFD2C446B0300DF070D /* SongDetailView.swift in Sources */ = {isa = PBXBuildFile; fileRef = 56809BFC2C446B0300DF070D /* SongDetailView.swift */; };
		56809BFF2C446F4D00DF070D /* SessionView.swift in Sources */ = {isa = PBXBuildFile; fileRef = 56809BFE2C446F4D00DF070D /* SessionView.swift */; };
		56809C032C44735500DF070D /* Example1.JSON in Resources */ = {isa = PBXBuildFile; fileRef = 56809C022C44735500DF070D /* Example1.JSON */; };
		56809C092C51EC1100DF070D /* CoreDataModel.xcdatamodeld in Sources */ = {isa = PBXBuildFile; fileRef = 56809C072C51EC1100DF070D /* CoreDataModel.xcdatamodeld */; };
		56809C102C51EDC500DF070D /* UserPerformanceMetrics+CoreDataClass.swift in Sources */ = {isa = PBXBuildFile; fileRef = 56809C0E2C51EDC500DF070D /* UserPerformanceMetrics+CoreDataClass.swift */; };
		56809C112C51EDC500DF070D /* UserPerformanceMetrics+CoreDataProperties.swift in Sources */ = {isa = PBXBuildFile; fileRef = 56809C0F2C51EDC500DF070D /* UserPerformanceMetrics+CoreDataProperties.swift */; };
/* End PBXBuildFile section */

/* Begin PBXContainerItemProxy section */
		56809BDB2C4226C300DF070D /* PBXContainerItemProxy */ = {
			isa = PBXContainerItemProxy;
			containerPortal = 56809BBD2C4226C000DF070D /* Project object */;
			proxyType = 1;
			remoteGlobalIDString = 56809BC42C4226C000DF070D;
			remoteInfo = IllumiNote;
		};
		56809BE52C4226C300DF070D /* PBXContainerItemProxy */ = {
			isa = PBXContainerItemProxy;
			containerPortal = 56809BBD2C4226C000DF070D /* Project object */;
			proxyType = 1;
			remoteGlobalIDString = 56809BC42C4226C000DF070D;
			remoteInfo = IllumiNote;
		};
/* End PBXContainerItemProxy section */

/* Begin PBXFileReference section */
		56809BC52C4226C000DF070D /* IllumiNote.app */ = {isa = PBXFileReference; explicitFileType = wrapper.application; includeInIndex = 0; path = IllumiNote.app; sourceTree = BUILT_PRODUCTS_DIR; };
		56809BC82C4226C000DF070D /* IllumiNoteApp.swift */ = {isa = PBXFileReference; lastKnownFileType = sourcecode.swift; path = IllumiNoteApp.swift; sourceTree = "<group>"; };
		56809BCA2C4226C000DF070D /* ContentView.swift */ = {isa = PBXFileReference; lastKnownFileType = sourcecode.swift; path = ContentView.swift; sourceTree = "<group>"; };
		56809BCC2C4226C200DF070D /* Assets.xcassets */ = {isa = PBXFileReference; lastKnownFileType = folder.assetcatalog; path = Assets.xcassets; sourceTree = "<group>"; };
		56809BCF2C4226C200DF070D /* Preview Assets.xcassets */ = {isa = PBXFileReference; lastKnownFileType = folder.assetcatalog; path = "Preview Assets.xcassets"; sourceTree = "<group>"; };
		56809BD12C4226C200DF070D /* Persistence.swift */ = {isa = PBXFileReference; lastKnownFileType = sourcecode.swift; path = Persistence.swift; sourceTree = "<group>"; };
		56809BD42C4226C200DF070D /* IllumiNote.xcdatamodel */ = {isa = PBXFileReference; lastKnownFileType = wrapper.xcdatamodel; path = IllumiNote.xcdatamodel; sourceTree = "<group>"; };
		56809BDA2C4226C300DF070D /* IllumiNoteTests.xctest */ = {isa = PBXFileReference; explicitFileType = wrapper.cfbundle; includeInIndex = 0; path = IllumiNoteTests.xctest; sourceTree = BUILT_PRODUCTS_DIR; };
		56809BDE2C4226C300DF070D /* IllumiNoteTests.swift */ = {isa = PBXFileReference; lastKnownFileType = sourcecode.swift; path = IllumiNoteTests.swift; sourceTree = "<group>"; };
		56809BE42C4226C300DF070D /* IllumiNoteUITests.xctest */ = {isa = PBXFileReference; explicitFileType = wrapper.cfbundle; includeInIndex = 0; path = IllumiNoteUITests.xctest; sourceTree = BUILT_PRODUCTS_DIR; };
		56809BE82C4226C300DF070D /* IllumiNoteUITests.swift */ = {isa = PBXFileReference; lastKnownFileType = sourcecode.swift; path = IllumiNoteUITests.swift; sourceTree = "<group>"; };
		56809BEA2C4226C300DF070D /* IllumiNoteUITestsLaunchTests.swift */ = {isa = PBXFileReference; lastKnownFileType = sourcecode.swift; path = IllumiNoteUITestsLaunchTests.swift; sourceTree = "<group>"; };
		56809BF82C42270D00DF070D /* BluetoothService.swift */ = {isa = PBXFileReference; lastKnownFileType = sourcecode.swift; path = BluetoothService.swift; sourceTree = "<group>"; };
		56809BFC2C446B0300DF070D /* SongDetailView.swift */ = {isa = PBXFileReference; lastKnownFileType = sourcecode.swift; path = SongDetailView.swift; sourceTree = "<group>"; };
		56809BFE2C446F4D00DF070D /* SessionView.swift */ = {isa = PBXFileReference; lastKnownFileType = sourcecode.swift; path = SessionView.swift; sourceTree = "<group>"; };
		56809C022C44735500DF070D /* Example1.JSON */ = {isa = PBXFileReference; lastKnownFileType = text.json; path = Example1.JSON; sourceTree = "<group>"; };
		56809C082C51EC1100DF070D /* CoreDataModel.xcdatamodel */ = {isa = PBXFileReference; lastKnownFileType = wrapper.xcdatamodel; path = CoreDataModel.xcdatamodel; sourceTree = "<group>"; };
		56809C0E2C51EDC500DF070D /* UserPerformanceMetrics+CoreDataClass.swift */ = {isa = PBXFileReference; lastKnownFileType = sourcecode.swift; path = "UserPerformanceMetrics+CoreDataClass.swift"; sourceTree = "<group>"; };
		56809C0F2C51EDC500DF070D /* UserPerformanceMetrics+CoreDataProperties.swift */ = {isa = PBXFileReference; lastKnownFileType = sourcecode.swift; path = "UserPerformanceMetrics+CoreDataProperties.swift"; sourceTree = "<group>"; };
/* End PBXFileReference section */

/* Begin PBXFrameworksBuildPhase section */
		56809BC22C4226C000DF070D /* Frameworks */ = {
			isa = PBXFrameworksBuildPhase;
			buildActionMask = 2147483647;
			files = (
			);
			runOnlyForDeploymentPostprocessing = 0;
		};
		56809BD72C4226C300DF070D /* Frameworks */ = {
			isa = PBXFrameworksBuildPhase;
			buildActionMask = 2147483647;
			files = (
			);
			runOnlyForDeploymentPostprocessing = 0;
		};
		56809BE12C4226C300DF070D /* Frameworks */ = {
			isa = PBXFrameworksBuildPhase;
			buildActionMask = 2147483647;
			files = (
			);
			runOnlyForDeploymentPostprocessing = 0;
		};
/* End PBXFrameworksBuildPhase section */

/* Begin PBXGroup section */
		56809BBC2C4226C000DF070D = {
			isa = PBXGroup;
			children = (
				56809BC72C4226C000DF070D /* IllumiNote */,
				56809BDD2C4226C300DF070D /* IllumiNoteTests */,
				56809BE72C4226C300DF070D /* IllumiNoteUITests */,
				56809BC62C4226C000DF070D /* Products */,
			);
			sourceTree = "<group>";
		};
		56809BC62C4226C000DF070D /* Products */ = {
			isa = PBXGroup;
			children = (
				56809BC52C4226C000DF070D /* IllumiNote.app */,
				56809BDA2C4226C300DF070D /* IllumiNoteTests.xctest */,
				56809BE42C4226C300DF070D /* IllumiNoteUITests.xctest */,
			);
			name = Products;
			sourceTree = "<group>";
		};
		56809BC72C4226C000DF070D /* IllumiNote */ = {
			isa = PBXGroup;
			children = (
				56809C062C51EBF100DF070D /* Models */,
				56809C002C4472F900DF070D /* Resources */,
				56809BFB2C446AE400DF070D /* Views */,
				56809BFA2C446ABD00DF070D /* App */,
				56809BF72C4226D300DF070D /* Services */,
				56809BCC2C4226C200DF070D /* Assets.xcassets */,
				56809BD32C4226C200DF070D /* IllumiNote.xcdatamodeld */,
				56809BCE2C4226C200DF070D /* Preview Content */,
			);
			path = IllumiNote;
			sourceTree = "<group>";
		};
		56809BCE2C4226C200DF070D /* Preview Content */ = {
			isa = PBXGroup;
			children = (
				56809BCF2C4226C200DF070D /* Preview Assets.xcassets */,
			);
			path = "Preview Content";
			sourceTree = "<group>";
		};
		56809BDD2C4226C300DF070D /* IllumiNoteTests */ = {
			isa = PBXGroup;
			children = (
				56809BDE2C4226C300DF070D /* IllumiNoteTests.swift */,
			);
			path = IllumiNoteTests;
			sourceTree = "<group>";
		};
		56809BE72C4226C300DF070D /* IllumiNoteUITests */ = {
			isa = PBXGroup;
			children = (
				56809BE82C4226C300DF070D /* IllumiNoteUITests.swift */,
				56809BEA2C4226C300DF070D /* IllumiNoteUITestsLaunchTests.swift */,
			);
			path = IllumiNoteUITests;
			sourceTree = "<group>";
		};
		56809BF72C4226D300DF070D /* Services */ = {
			isa = PBXGroup;
			children = (
				56809BF82C42270D00DF070D /* BluetoothService.swift */,
			);
			path = Services;
			sourceTree = "<group>";
		};
		56809BFA2C446ABD00DF070D /* App */ = {
			isa = PBXGroup;
			children = (
				56809BC82C4226C000DF070D /* IllumiNoteApp.swift */,
			);
			path = App;
			sourceTree = "<group>";
		};
		56809BFB2C446AE400DF070D /* Views */ = {
			isa = PBXGroup;
			children = (
				56809BFC2C446B0300DF070D /* SongDetailView.swift */,
				56809BCA2C4226C000DF070D /* ContentView.swift */,
				56809BFE2C446F4D00DF070D /* SessionView.swift */,
			);
			path = Views;
			sourceTree = "<group>";
		};
		56809C002C4472F900DF070D /* Resources */ = {
			isa = PBXGroup;
			children = (
				56809C012C4472FF00DF070D /* SongInfo */,
			);
			path = Resources;
			sourceTree = "<group>";
		};
		56809C012C4472FF00DF070D /* SongInfo */ = {
			isa = PBXGroup;
			children = (
				56809C022C44735500DF070D /* Example1.JSON */,
			);
			path = SongInfo;
			sourceTree = "<group>";
		};
		56809C062C51EBF100DF070D /* Models */ = {
			isa = PBXGroup;
			children = (
				56809C072C51EC1100DF070D /* CoreDataModel.xcdatamodeld */,
				56809C0E2C51EDC500DF070D /* UserPerformanceMetrics+CoreDataClass.swift */,
				56809C0F2C51EDC500DF070D /* UserPerformanceMetrics+CoreDataProperties.swift */,
				56809BD12C4226C200DF070D /* Persistence.swift */,
			);
			path = Models;
			sourceTree = "<group>";
		};
/* End PBXGroup section */

/* Begin PBXNativeTarget section */
		56809BC42C4226C000DF070D /* IllumiNote */ = {
			isa = PBXNativeTarget;
			buildConfigurationList = 56809BEE2C4226C300DF070D /* Build configuration list for PBXNativeTarget "IllumiNote" */;
			buildPhases = (
				56809BC12C4226C000DF070D /* Sources */,
				56809BC22C4226C000DF070D /* Frameworks */,
				56809BC32C4226C000DF070D /* Resources */,
			);
			buildRules = (
			);
			dependencies = (
			);
			name = IllumiNote;
			productName = IllumiNote;
			productReference = 56809BC52C4226C000DF070D /* IllumiNote.app */;
			productType = "com.apple.product-type.application";
		};
		56809BD92C4226C300DF070D /* IllumiNoteTests */ = {
			isa = PBXNativeTarget;
			buildConfigurationList = 56809BF12C4226C300DF070D /* Build configuration list for PBXNativeTarget "IllumiNoteTests" */;
			buildPhases = (
				56809BD62C4226C300DF070D /* Sources */,
				56809BD72C4226C300DF070D /* Frameworks */,
				56809BD82C4226C300DF070D /* Resources */,
			);
			buildRules = (
			);
			dependencies = (
				56809BDC2C4226C300DF070D /* PBXTargetDependency */,
			);
			name = IllumiNoteTests;
			productName = IllumiNoteTests;
			productReference = 56809BDA2C4226C300DF070D /* IllumiNoteTests.xctest */;
			productType = "com.apple.product-type.bundle.unit-test";
		};
		56809BE32C4226C300DF070D /* IllumiNoteUITests */ = {
			isa = PBXNativeTarget;
			buildConfigurationList = 56809BF42C4226C300DF070D /* Build configuration list for PBXNativeTarget "IllumiNoteUITests" */;
			buildPhases = (
				56809BE02C4226C300DF070D /* Sources */,
				56809BE12C4226C300DF070D /* Frameworks */,
				56809BE22C4226C300DF070D /* Resources */,
			);
			buildRules = (
			);
			dependencies = (
				56809BE62C4226C300DF070D /* PBXTargetDependency */,
			);
			name = IllumiNoteUITests;
			productName = IllumiNoteUITests;
			productReference = 56809BE42C4226C300DF070D /* IllumiNoteUITests.xctest */;
			productType = "com.apple.product-type.bundle.ui-testing";
		};
/* End PBXNativeTarget section */

/* Begin PBXProject section */
		56809BBD2C4226C000DF070D /* Project object */ = {
			isa = PBXProject;
			attributes = {
				BuildIndependentTargetsInParallel = 1;
				LastSwiftUpdateCheck = 1520;
				LastUpgradeCheck = 1520;
				TargetAttributes = {
					56809BC42C4226C000DF070D = {
						CreatedOnToolsVersion = 15.2;
					};
					56809BD92C4226C300DF070D = {
						CreatedOnToolsVersion = 15.2;
						TestTargetID = 56809BC42C4226C000DF070D;
					};
					56809BE32C4226C300DF070D = {
						CreatedOnToolsVersion = 15.2;
						TestTargetID = 56809BC42C4226C000DF070D;
					};
				};
			};
			buildConfigurationList = 56809BC02C4226C000DF070D /* Build configuration list for PBXProject "IllumiNote" */;
			compatibilityVersion = "Xcode 14.0";
			developmentRegion = en;
			hasScannedForEncodings = 0;
			knownRegions = (
				en,
				Base,
			);
			mainGroup = 56809BBC2C4226C000DF070D;
			productRefGroup = 56809BC62C4226C000DF070D /* Products */;
			projectDirPath = "";
			projectRoot = "";
			targets = (
				56809BC42C4226C000DF070D /* IllumiNote */,
				56809BD92C4226C300DF070D /* IllumiNoteTests */,
				56809BE32C4226C300DF070D /* IllumiNoteUITests */,
			);
		};
/* End PBXProject section */

/* Begin PBXResourcesBuildPhase section */
		56809BC32C4226C000DF070D /* Resources */ = {
			isa = PBXResourcesBuildPhase;
			buildActionMask = 2147483647;
			files = (
				56809BD02C4226C200DF070D /* Preview Assets.xcassets in Resources */,
				56809BCD2C4226C200DF070D /* Assets.xcassets in Resources */,
				56809C032C44735500DF070D /* Example1.JSON in Resources */,
			);
			runOnlyForDeploymentPostprocessing = 0;
		};
		56809BD82C4226C300DF070D /* Resources */ = {
			isa = PBXResourcesBuildPhase;
			buildActionMask = 2147483647;
			files = (
			);
			runOnlyForDeploymentPostprocessing = 0;
		};
		56809BE22C4226C300DF070D /* Resources */ = {
			isa = PBXResourcesBuildPhase;
			buildActionMask = 2147483647;
			files = (
			);
			runOnlyForDeploymentPostprocessing = 0;
		};
/* End PBXResourcesBuildPhase section */

/* Begin PBXSourcesBuildPhase section */
		56809BC12C4226C000DF070D /* Sources */ = {
			isa = PBXSourcesBuildPhase;
			buildActionMask = 2147483647;
			files = (
				56809BFF2C446F4D00DF070D /* SessionView.swift in Sources */,
				56809C102C51EDC500DF070D /* UserPerformanceMetrics+CoreDataClass.swift in Sources */,
				56809BD22C4226C200DF070D /* Persistence.swift in Sources */,
				56809BD52C4226C200DF070D /* IllumiNote.xcdatamodeld in Sources */,
				56809BCB2C4226C000DF070D /* ContentView.swift in Sources */,
				56809BC92C4226C000DF070D /* IllumiNoteApp.swift in Sources */,
				56809BFD2C446B0300DF070D /* SongDetailView.swift in Sources */,
				56809C112C51EDC500DF070D /* UserPerformanceMetrics+CoreDataProperties.swift in Sources */,
				56809C092C51EC1100DF070D /* CoreDataModel.xcdatamodeld in Sources */,
				56809BF92C42270D00DF070D /* BluetoothService.swift in Sources */,
			);
			runOnlyForDeploymentPostprocessing = 0;
		};
		56809BD62C4226C300DF070D /* Sources */ = {
			isa = PBXSourcesBuildPhase;
			buildActionMask = 2147483647;
			files = (
				56809BDF2C4226C300DF070D /* IllumiNoteTests.swift in Sources */,
			);
			runOnlyForDeploymentPostprocessing = 0;
		};
		56809BE02C4226C300DF070D /* Sources */ = {
			isa = PBXSourcesBuildPhase;
			buildActionMask = 2147483647;
			files = (
				56809BEB2C4226C300DF070D /* IllumiNoteUITestsLaunchTests.swift in Sources */,
				56809BE92C4226C300DF070D /* IllumiNoteUITests.swift in Sources */,
			);
			runOnlyForDeploymentPostprocessing = 0;
		};
/* End PBXSourcesBuildPhase section */

/* Begin PBXTargetDependency section */
		56809BDC2C4226C300DF070D /* PBXTargetDependency */ = {
			isa = PBXTargetDependency;
			target = 56809BC42C4226C000DF070D /* IllumiNote */;
			targetProxy = 56809BDB2C4226C300DF070D /* PBXContainerItemProxy */;
		};
		56809BE62C4226C300DF070D /* PBXTargetDependency */ = {
			isa = PBXTargetDependency;
			target = 56809BC42C4226C000DF070D /* IllumiNote */;
			targetProxy = 56809BE52C4226C300DF070D /* PBXContainerItemProxy */;
		};
/* End PBXTargetDependency section */

/* Begin XCBuildConfiguration section */
		56809BEC2C4226C300DF070D /* Debug */ = {
			isa = XCBuildConfiguration;
			buildSettings = {
				ALWAYS_SEARCH_USER_PATHS = NO;
				ASSETCATALOG_COMPILER_GENERATE_SWIFT_ASSET_SYMBOL_EXTENSIONS = YES;
				CLANG_ANALYZER_NONNULL = YES;
				CLANG_ANALYZER_NUMBER_OBJECT_CONVERSION = YES_AGGRESSIVE;
				CLANG_CXX_LANGUAGE_STANDARD = "gnu++20";
				CLANG_ENABLE_MODULES = YES;
				CLANG_ENABLE_OBJC_ARC = YES;
				CLANG_ENABLE_OBJC_WEAK = YES;
				CLANG_WARN_BLOCK_CAPTURE_AUTORELEASING = YES;
				CLANG_WARN_BOOL_CONVERSION = YES;
				CLANG_WARN_COMMA = YES;
				CLANG_WARN_CONSTANT_CONVERSION = YES;
				CLANG_WARN_DEPRECATED_OBJC_IMPLEMENTATIONS = YES;
				CLANG_WARN_DIRECT_OBJC_ISA_USAGE = YES_ERROR;
				CLANG_WARN_DOCUMENTATION_COMMENTS = YES;
				CLANG_WARN_EMPTY_BODY = YES;
				CLANG_WARN_ENUM_CONVERSION = YES;
				CLANG_WARN_INFINITE_RECURSION = YES;
				CLANG_WARN_INT_CONVERSION = YES;
				CLANG_WARN_NON_LITERAL_NULL_CONVERSION = YES;
				CLANG_WARN_OBJC_IMPLICIT_RETAIN_SELF = YES;
				CLANG_WARN_OBJC_LITERAL_CONVERSION = YES;
				CLANG_WARN_OBJC_ROOT_CLASS = YES_ERROR;
				CLANG_WARN_QUOTED_INCLUDE_IN_FRAMEWORK_HEADER = YES;
				CLANG_WARN_RANGE_LOOP_ANALYSIS = YES;
				CLANG_WARN_STRICT_PROTOTYPES = YES;
				CLANG_WARN_SUSPICIOUS_MOVE = YES;
				CLANG_WARN_UNGUARDED_AVAILABILITY = YES_AGGRESSIVE;
				CLANG_WARN_UNREACHABLE_CODE = YES;
				CLANG_WARN__DUPLICATE_METHOD_MATCH = YES;
				COPY_PHASE_STRIP = NO;
				DEBUG_INFORMATION_FORMAT = dwarf;
				ENABLE_STRICT_OBJC_MSGSEND = YES;
				ENABLE_TESTABILITY = YES;
				ENABLE_USER_SCRIPT_SANDBOXING = YES;
				GCC_C_LANGUAGE_STANDARD = gnu17;
				GCC_DYNAMIC_NO_PIC = NO;
				GCC_NO_COMMON_BLOCKS = YES;
				GCC_OPTIMIZATION_LEVEL = 0;
				GCC_PREPROCESSOR_DEFINITIONS = (
					"DEBUG=1",
					"$(inherited)",
				);
				GCC_WARN_64_TO_32_BIT_CONVERSION = YES;
				GCC_WARN_ABOUT_RETURN_TYPE = YES_ERROR;
				GCC_WARN_UNDECLARED_SELECTOR = YES;
				GCC_WARN_UNINITIALIZED_AUTOS = YES_AGGRESSIVE;
				GCC_WARN_UNUSED_FUNCTION = YES;
				GCC_WARN_UNUSED_VARIABLE = YES;
				IPHONEOS_DEPLOYMENT_TARGET = 17.2;
				LOCALIZATION_PREFERS_STRING_CATALOGS = YES;
				MTL_ENABLE_DEBUG_INFO = INCLUDE_SOURCE;
				MTL_FAST_MATH = YES;
				ONLY_ACTIVE_ARCH = YES;
				SDKROOT = iphoneos;
				SWIFT_ACTIVE_COMPILATION_CONDITIONS = "DEBUG $(inherited)";
				SWIFT_OPTIMIZATION_LEVEL = "-Onone";
			};
			name = Debug;
		};
		56809BED2C4226C300DF070D /* Release */ = {
			isa = XCBuildConfiguration;
			buildSettings = {
				ALWAYS_SEARCH_USER_PATHS = NO;
				ASSETCATALOG_COMPILER_GENERATE_SWIFT_ASSET_SYMBOL_EXTENSIONS = YES;
				CLANG_ANALYZER_NONNULL = YES;
				CLANG_ANALYZER_NUMBER_OBJECT_CONVERSION = YES_AGGRESSIVE;
				CLANG_CXX_LANGUAGE_STANDARD = "gnu++20";
				CLANG_ENABLE_MODULES = YES;
				CLANG_ENABLE_OBJC_ARC = YES;
				CLANG_ENABLE_OBJC_WEAK = YES;
				CLANG_WARN_BLOCK_CAPTURE_AUTORELEASING = YES;
				CLANG_WARN_BOOL_CONVERSION = YES;
				CLANG_WARN_COMMA = YES;
				CLANG_WARN_CONSTANT_CONVERSION = YES;
				CLANG_WARN_DEPRECATED_OBJC_IMPLEMENTATIONS = YES;
				CLANG_WARN_DIRECT_OBJC_ISA_USAGE = YES_ERROR;
				CLANG_WARN_DOCUMENTATION_COMMENTS = YES;
				CLANG_WARN_EMPTY_BODY = YES;
				CLANG_WARN_ENUM_CONVERSION = YES;
				CLANG_WARN_INFINITE_RECURSION = YES;
				CLANG_WARN_INT_CONVERSION = YES;
				CLANG_WARN_NON_LITERAL_NULL_CONVERSION = YES;
				CLANG_WARN_OBJC_IMPLICIT_RETAIN_SELF = YES;
				CLANG_WARN_OBJC_LITERAL_CONVERSION = YES;
				CLANG_WARN_OBJC_ROOT_CLASS = YES_ERROR;
				CLANG_WARN_QUOTED_INCLUDE_IN_FRAMEWORK_HEADER = YES;
				CLANG_WARN_RANGE_LOOP_ANALYSIS = YES;
				CLANG_WARN_STRICT_PROTOTYPES = YES;
				CLANG_WARN_SUSPICIOUS_MOVE = YES;
				CLANG_WARN_UNGUARDED_AVAILABILITY = YES_AGGRESSIVE;
				CLANG_WARN_UNREACHABLE_CODE = YES;
				CLANG_WARN__DUPLICATE_METHOD_MATCH = YES;
				COPY_PHASE_STRIP = NO;
				DEBUG_INFORMATION_FORMAT = "dwarf-with-dsym";
				ENABLE_NS_ASSERTIONS = NO;
				ENABLE_STRICT_OBJC_MSGSEND = YES;
				ENABLE_USER_SCRIPT_SANDBOXING = YES;
				GCC_C_LANGUAGE_STANDARD = gnu17;
				GCC_NO_COMMON_BLOCKS = YES;
				GCC_WARN_64_TO_32_BIT_CONVERSION = YES;
				GCC_WARN_ABOUT_RETURN_TYPE = YES_ERROR;
				GCC_WARN_UNDECLARED_SELECTOR = YES;
				GCC_WARN_UNINITIALIZED_AUTOS = YES_AGGRESSIVE;
				GCC_WARN_UNUSED_FUNCTION = YES;
				GCC_WARN_UNUSED_VARIABLE = YES;
				IPHONEOS_DEPLOYMENT_TARGET = 17.2;
				LOCALIZATION_PREFERS_STRING_CATALOGS = YES;
				MTL_ENABLE_DEBUG_INFO = NO;
				MTL_FAST_MATH = YES;
				SDKROOT = iphoneos;
				SWIFT_COMPILATION_MODE = wholemodule;
				VALIDATE_PRODUCT = YES;
			};
			name = Release;
		};
		56809BEF2C4226C300DF070D /* Debug */ = {
			isa = XCBuildConfiguration;
			buildSettings = {
				ASSETCATALOG_COMPILER_APPICON_NAME = AppIcon;
				ASSETCATALOG_COMPILER_GLOBAL_ACCENT_COLOR_NAME = AccentColor;
				CODE_SIGN_STYLE = Automatic;
				CURRENT_PROJECT_VERSION = 1;
				DEVELOPMENT_ASSET_PATHS = "\"IllumiNote/Preview Content\"";
				DEVELOPMENT_TEAM = BRZ2SC98QR;
				ENABLE_PREVIEWS = YES;
				GENERATE_INFOPLIST_FILE = YES;
				INFOPLIST_KEY_UIApplicationSceneManifest_Generation = YES;
				INFOPLIST_KEY_UIApplicationSupportsIndirectInputEvents = YES;
				INFOPLIST_KEY_UILaunchScreen_Generation = YES;
				INFOPLIST_KEY_UISupportedInterfaceOrientations_iPad = "UIInterfaceOrientationPortrait UIInterfaceOrientationPortraitUpsideDown UIInterfaceOrientationLandscapeLeft UIInterfaceOrientationLandscapeRight";
				INFOPLIST_KEY_UISupportedInterfaceOrientations_iPhone = "UIInterfaceOrientationPortrait UIInterfaceOrientationLandscapeLeft UIInterfaceOrientationLandscapeRight";
				LD_RUNPATH_SEARCH_PATHS = (
					"$(inherited)",
					"@executable_path/Frameworks",
				);
				MARKETING_VERSION = 1.0;
				PRODUCT_BUNDLE_IDENTIFIER = com.ivachho.IllumiNote;
				PRODUCT_NAME = "$(TARGET_NAME)";
				SWIFT_EMIT_LOC_STRINGS = YES;
				SWIFT_VERSION = 5.0;
				TARGETED_DEVICE_FAMILY = "1,2";
			};
			name = Debug;
		};
		56809BF02C4226C300DF070D /* Release */ = {
			isa = XCBuildConfiguration;
			buildSettings = {
				ASSETCATALOG_COMPILER_APPICON_NAME = AppIcon;
				ASSETCATALOG_COMPILER_GLOBAL_ACCENT_COLOR_NAME = AccentColor;
				CODE_SIGN_STYLE = Automatic;
				CURRENT_PROJECT_VERSION = 1;
				DEVELOPMENT_ASSET_PATHS = "\"IllumiNote/Preview Content\"";
				DEVELOPMENT_TEAM = BRZ2SC98QR;
				ENABLE_PREVIEWS = YES;
				GENERATE_INFOPLIST_FILE = YES;
				INFOPLIST_KEY_UIApplicationSceneManifest_Generation = YES;
				INFOPLIST_KEY_UIApplicationSupportsIndirectInputEvents = YES;
				INFOPLIST_KEY_UILaunchScreen_Generation = YES;
				INFOPLIST_KEY_UISupportedInterfaceOrientations_iPad = "UIInterfaceOrientationPortrait UIInterfaceOrientationPortraitUpsideDown UIInterfaceOrientationLandscapeLeft UIInterfaceOrientationLandscapeRight";
				INFOPLIST_KEY_UISupportedInterfaceOrientations_iPhone = "UIInterfaceOrientationPortrait UIInterfaceOrientationLandscapeLeft UIInterfaceOrientationLandscapeRight";
				LD_RUNPATH_SEARCH_PATHS = (
					"$(inherited)",
					"@executable_path/Frameworks",
				);
				MARKETING_VERSION = 1.0;
				PRODUCT_BUNDLE_IDENTIFIER = com.ivachho.IllumiNote;
				PRODUCT_NAME = "$(TARGET_NAME)";
				SWIFT_EMIT_LOC_STRINGS = YES;
				SWIFT_VERSION = 5.0;
				TARGETED_DEVICE_FAMILY = "1,2";
			};
			name = Release;
		};
		56809BF22C4226C300DF070D /* Debug */ = {
			isa = XCBuildConfiguration;
			buildSettings = {
				ALWAYS_EMBED_SWIFT_STANDARD_LIBRARIES = YES;
				BUNDLE_LOADER = "$(TEST_HOST)";
				CODE_SIGN_STYLE = Automatic;
				CURRENT_PROJECT_VERSION = 1;
				DEVELOPMENT_TEAM = BRZ2SC98QR;
				GENERATE_INFOPLIST_FILE = YES;
				IPHONEOS_DEPLOYMENT_TARGET = 17.2;
				MARKETING_VERSION = 1.0;
				PRODUCT_BUNDLE_IDENTIFIER = com.ivachho.IllumiNoteTests;
				PRODUCT_NAME = "$(TARGET_NAME)";
				SWIFT_EMIT_LOC_STRINGS = NO;
				SWIFT_VERSION = 5.0;
				TARGETED_DEVICE_FAMILY = "1,2";
				TEST_HOST = "$(BUILT_PRODUCTS_DIR)/IllumiNote.app/$(BUNDLE_EXECUTABLE_FOLDER_PATH)/IllumiNote";
			};
			name = Debug;
		};
		56809BF32C4226C300DF070D /* Release */ = {
			isa = XCBuildConfiguration;
			buildSettings = {
				ALWAYS_EMBED_SWIFT_STANDARD_LIBRARIES = YES;
				BUNDLE_LOADER = "$(TEST_HOST)";
				CODE_SIGN_STYLE = Automatic;
				CURRENT_PROJECT_VERSION = 1;
				DEVELOPMENT_TEAM = BRZ2SC98QR;
				GENERATE_INFOPLIST_FILE = YES;
				IPHONEOS_DEPLOYMENT_TARGET = 17.2;
				MARKETING_VERSION = 1.0;
				PRODUCT_BUNDLE_IDENTIFIER = com.ivachho.IllumiNoteTests;
				PRODUCT_NAME = "$(TARGET_NAME)";
				SWIFT_EMIT_LOC_STRINGS = NO;
				SWIFT_VERSION = 5.0;
				TARGETED_DEVICE_FAMILY = "1,2";
				TEST_HOST = "$(BUILT_PRODUCTS_DIR)/IllumiNote.app/$(BUNDLE_EXECUTABLE_FOLDER_PATH)/IllumiNote";
			};
			name = Release;
		};
		56809BF52C4226C300DF070D /* Debug */ = {
			isa = XCBuildConfiguration;
			buildSettings = {
				ALWAYS_EMBED_SWIFT_STANDARD_LIBRARIES = YES;
				CODE_SIGN_STYLE = Automatic;
				CURRENT_PROJECT_VERSION = 1;
				DEVELOPMENT_TEAM = BRZ2SC98QR;
				GENERATE_INFOPLIST_FILE = YES;
				MARKETING_VERSION = 1.0;
				PRODUCT_BUNDLE_IDENTIFIER = com.ivachho.IllumiNoteUITests;
				PRODUCT_NAME = "$(TARGET_NAME)";
				SWIFT_EMIT_LOC_STRINGS = NO;
				SWIFT_VERSION = 5.0;
				TARGETED_DEVICE_FAMILY = "1,2";
				TEST_TARGET_NAME = IllumiNote;
			};
			name = Debug;
		};
		56809BF62C4226C300DF070D /* Release */ = {
			isa = XCBuildConfiguration;
			buildSettings = {
				ALWAYS_EMBED_SWIFT_STANDARD_LIBRARIES = YES;
				CODE_SIGN_STYLE = Automatic;
				CURRENT_PROJECT_VERSION = 1;
				DEVELOPMENT_TEAM = BRZ2SC98QR;
				GENERATE_INFOPLIST_FILE = YES;
				MARKETING_VERSION = 1.0;
				PRODUCT_BUNDLE_IDENTIFIER = com.ivachho.IllumiNoteUITests;
				PRODUCT_NAME = "$(TARGET_NAME)";
				SWIFT_EMIT_LOC_STRINGS = NO;
				SWIFT_VERSION = 5.0;
				TARGETED_DEVICE_FAMILY = "1,2";
				TEST_TARGET_NAME = IllumiNote;
			};
			name = Release;
		};
/* End XCBuildConfiguration section */

/* Begin XCConfigurationList section */
		56809BC02C4226C000DF070D /* Build configuration list for PBXProject "IllumiNote" */ = {
			isa = XCConfigurationList;
			buildConfigurations = (
				56809BEC2C4226C300DF070D /* Debug */,
				56809BED2C4226C300DF070D /* Release */,
			);
			defaultConfigurationIsVisible = 0;
			defaultConfigurationName = Release;
		};
		56809BEE2C4226C300DF070D /* Build configuration list for PBXNativeTarget "IllumiNote" */ = {
			isa = XCConfigurationList;
			buildConfigurations = (
				56809BEF2C4226C300DF070D /* Debug */,
				56809BF02C4226C300DF070D /* Release */,
			);
			defaultConfigurationIsVisible = 0;
			defaultConfigurationName = Release;
		};
		56809BF12C4226C300DF070D /* Build configuration list for PBXNativeTarget "IllumiNoteTests" */ = {
			isa = XCConfigurationList;
			buildConfigurations = (
				56809BF22C4226C300DF070D /* Debug */,
				56809BF32C4226C300DF070D /* Release */,
			);
			defaultConfigurationIsVisible = 0;
			defaultConfigurationName = Release;
		};
		56809BF42C4226C300DF070D /* Build configuration list for PBXNativeTarget "IllumiNoteUITests" */ = {
			isa = XCConfigurationList;
			buildConfigurations = (
				56809BF52C4226C300DF070D /* Debug */,
				56809BF62C4226C300DF070D /* Release */,
			);
			defaultConfigurationIsVisible = 0;
			defaultConfigurationName = Release;
		};
/* End XCConfigurationList section */

/* Begin XCVersionGroup section */
		56809BD32C4226C200DF070D /* IllumiNote.xcdatamodeld */ = {
			isa = XCVersionGroup;
			children = (
				56809BD42C4226C200DF070D /* IllumiNote.xcdatamodel */,
			);
			currentVersion = 56809BD42C4226C200DF070D /* IllumiNote.xcdatamodel */;
			path = IllumiNote.xcdatamodeld;
			sourceTree = "<group>";
			versionGroupType = wrapper.xcdatamodel;
		};
		56809C072C51EC1100DF070D /* CoreDataModel.xcdatamodeld */ = {
			isa = XCVersionGroup;
			children = (
				56809C082C51EC1100DF070D /* CoreDataModel.xcdatamodel */,
			);
			currentVersion = 56809C082C51EC1100DF070D /* CoreDataModel.xcdatamodel */;
			path = CoreDataModel.xcdatamodeld;
			sourceTree = "<group>";
			versionGroupType = wrapper.xcdatamodel;
		};
/* End XCVersionGroup section */
	};
	rootObject = 56809BBD2C4226C000DF070D /* Project object */;
}
